
Microsoft Visual Studio Solution File, Format Version 12.00
# Visual Studio Version 17
VisualStudioVersion = 17.11.35312.102
MinimumVisualStudioVersion = 10.0.40219.1
Project("{FAE04EC0-301F-11D3-BF4B-00C04F79EFBC}") = "PracticaCV_AlfonsoJM", "PracticaCV_AlfonsoJM\PracticaCV_AlfonsoJM.csproj", "{33AEA7F0-8748-4F1D-90ED-ECDEA0601A1B}"
EndProject
Global
	GlobalSection(SolutionConfigurationPlatforms) = preSolution
		Debug|Any CPU = Debug|Any CPU
		Release|Any CPU = Release|Any CPU
	EndGlobalSection
	GlobalSection(ProjectConfigurationPlatforms) = postSolution
		{33AEA7F0-8748-4F1D-90ED-ECDEA0601A1B}.Debug|Any CPU.ActiveCfg = Debug|Any CPU
		{33AEA7F0-8748-4F1D-90ED-ECDEA0601A1B}.Debug|Any CPU.Build.0 = Debug|Any CPU
		{33AEA7F0-8748-4F1D-90ED-ECDEA0601A1B}.Release|Any CPU.ActiveCfg = Release|Any CPU
		{33AEA7F0-8748-4F1D-90ED-ECDEA0601A1B}.Release|Any CPU.Build.0 = Release|Any CPU
	EndGlobalSection
	GlobalSection(SolutionProperties) = preSolution
		HideSolutionNode = FALSE
	EndGlobalSection
	GlobalSection(ExtensibilityGlobals) = postSolution
		SolutionGuid = {84F3E25C-C252-4F98-B7E5-045959EBA6C5}
	EndGlobalSection
EndGlobal
